{
  "requires": true,
  "lockfileVersion": 1,
  "dependencies": {
    "angular-material": {
      "version": "1.1.22",
      "resolved": "https://registry.npmjs.org/angular-material/-/angular-material-1.1.22.tgz",
      "integrity": "sha512-GT8bDfKWj3xIzzYna+adhyim84B2KkqgXozyEZFAbA9yaDTKe4dV1gXA0SXzeCy0aWyVXwfrxrGt4nKjgVMi7g=="
    },
    "expect.js": {
      "version": "0.3.1",
      "resolved": "https://registry.npmjs.org/expect.js/-/expect.js-0.3.1.tgz",
      "integrity": "sha1-sKWaDS7/VDdUTr8M6qYBWEHQm1s="
    }
  }
}
